
Microsoft Visual Studio Solution File, Format Version 10.00
# Visual C# Express 2008
Project("{FAE04EC0-301F-11D3-BF4B-00C04F79EFBC}") = "HocusLevel", "HocusLevel\HocusLevel.csproj", "{F3496798-FD58-4A64-87CD-BD7242BB98D5}"
EndProject
Project("{FAE04EC0-301F-11D3-BF4B-00C04F79EFBC}") = "HocusSharp", "HocusSharp\HocusSharp.csproj", "{C612E25A-933E-4C04-A462-F6C50CF59439}"
EndProject
Project("{FAE04EC0-301F-11D3-BF4B-00C04F79EFBC}") = "HocusExtract", "HocusExtract\HocusExtract.csproj", "{67B2A943-0ECE-4F38-B6ED-DCC47394FAA3}"
EndProject
Project("{FAE04EC0-301F-11D3-BF4B-00C04F79EFBC}") = "HocusImgView", "HocusImgView\HocusImgView.csproj", "{596F04E1-33ED-470C-B4E6-60AA4B4CEE4A}"
EndProject
Project("{FAE04EC0-301F-11D3-BF4B-00C04F79EFBC}") = "HocusBuild", "HocusBuild\HocusBuild.csproj", "{60CAAF7B-F84B-42EA-AF77-5A25A94FA002}"
EndProject
Project("{FAE04EC0-301F-11D3-BF4B-00C04F79EFBC}") = "HocusText", "HocusText\HocusText.csproj", "{4D378E08-8AB8-48FB-9D95-5A90B0A9C45F}"
EndProject
Global
	GlobalSection(SolutionConfigurationPlatforms) = preSolution
		Debug|Any CPU = Debug|Any CPU
		Release|Any CPU = Release|Any CPU
	EndGlobalSection
	GlobalSection(ProjectConfigurationPlatforms) = postSolution
		{F3496798-FD58-4A64-87CD-BD7242BB98D5}.Debug|Any CPU.ActiveCfg = Debug|Any CPU
		{F3496798-FD58-4A64-87CD-BD7242BB98D5}.Debug|Any CPU.Build.0 = Debug|Any CPU
		{F3496798-FD58-4A64-87CD-BD7242BB98D5}.Release|Any CPU.ActiveCfg = Release|Any CPU
		{F3496798-FD58-4A64-87CD-BD7242BB98D5}.Release|Any CPU.Build.0 = Release|Any CPU
		{C612E25A-933E-4C04-A462-F6C50CF59439}.Debug|Any CPU.ActiveCfg = Debug|Any CPU
		{C612E25A-933E-4C04-A462-F6C50CF59439}.Debug|Any CPU.Build.0 = Debug|Any CPU
		{C612E25A-933E-4C04-A462-F6C50CF59439}.Release|Any CPU.ActiveCfg = Release|Any CPU
		{C612E25A-933E-4C04-A462-F6C50CF59439}.Release|Any CPU.Build.0 = Release|Any CPU
		{67B2A943-0ECE-4F38-B6ED-DCC47394FAA3}.Debug|Any CPU.ActiveCfg = Debug|Any CPU
		{67B2A943-0ECE-4F38-B6ED-DCC47394FAA3}.Debug|Any CPU.Build.0 = Debug|Any CPU
		{67B2A943-0ECE-4F38-B6ED-DCC47394FAA3}.Release|Any CPU.ActiveCfg = Release|Any CPU
		{67B2A943-0ECE-4F38-B6ED-DCC47394FAA3}.Release|Any CPU.Build.0 = Release|Any CPU
		{596F04E1-33ED-470C-B4E6-60AA4B4CEE4A}.Debug|Any CPU.ActiveCfg = Debug|Any CPU
		{596F04E1-33ED-470C-B4E6-60AA4B4CEE4A}.Debug|Any CPU.Build.0 = Debug|Any CPU
		{596F04E1-33ED-470C-B4E6-60AA4B4CEE4A}.Release|Any CPU.ActiveCfg = Release|Any CPU
		{596F04E1-33ED-470C-B4E6-60AA4B4CEE4A}.Release|Any CPU.Build.0 = Release|Any CPU
		{60CAAF7B-F84B-42EA-AF77-5A25A94FA002}.Debug|Any CPU.ActiveCfg = Debug|Any CPU
		{60CAAF7B-F84B-42EA-AF77-5A25A94FA002}.Debug|Any CPU.Build.0 = Debug|Any CPU
		{60CAAF7B-F84B-42EA-AF77-5A25A94FA002}.Release|Any CPU.ActiveCfg = Release|Any CPU
		{60CAAF7B-F84B-42EA-AF77-5A25A94FA002}.Release|Any CPU.Build.0 = Release|Any CPU
		{4D378E08-8AB8-48FB-9D95-5A90B0A9C45F}.Debug|Any CPU.ActiveCfg = Debug|Any CPU
		{4D378E08-8AB8-48FB-9D95-5A90B0A9C45F}.Debug|Any CPU.Build.0 = Debug|Any CPU
		{4D378E08-8AB8-48FB-9D95-5A90B0A9C45F}.Release|Any CPU.ActiveCfg = Release|Any CPU
		{4D378E08-8AB8-48FB-9D95-5A90B0A9C45F}.Release|Any CPU.Build.0 = Release|Any CPU
	EndGlobalSection
	GlobalSection(SolutionProperties) = preSolution
		HideSolutionNode = FALSE
	EndGlobalSection
EndGlobal
